
Microsoft Visual Studio Solution File, Format Version 12.00
# Visual Studio Version 17
VisualStudioVersion = 17.4.33205.214
MinimumVisualStudioVersion = 10.0.40219.1
Project("{FAE04EC0-301F-11D3-BF4B-00C04F79EFBC}") = "Uprajnenie", "Uprajnenie\Uprajnenie.csproj", "{19B28A7D-EC8D-4320-9092-9529FE12133D}"
EndProject
Global
	GlobalSection(SolutionConfigurationPlatforms) = preSolution
		Debug|Any CPU = Debug|Any CPU
		Release|Any CPU = Release|Any CPU
	EndGlobalSection
	GlobalSection(ProjectConfigurationPlatforms) = postSolution
		{19B28A7D-EC8D-4320-9092-9529FE12133D}.Debug|Any CPU.ActiveCfg = Debug|Any CPU
		{19B28A7D-EC8D-4320-9092-9529FE12133D}.Debug|Any CPU.Build.0 = Debug|Any CPU
		{19B28A7D-EC8D-4320-9092-9529FE12133D}.Release|Any CPU.ActiveCfg = Release|Any CPU
		{19B28A7D-EC8D-4320-9092-9529FE12133D}.Release|Any CPU.Build.0 = Release|Any CPU
	EndGlobalSection
	GlobalSection(SolutionProperties) = preSolution
		HideSolutionNode = FALSE
	EndGlobalSection
	GlobalSection(ExtensibilityGlobals) = postSolution
		SolutionGuid = {0E973FC1-730A-4571-A3B5-2D896C1F0F7A}
	EndGlobalSection
EndGlobal
